
Microsoft Visual Studio Solution File, Format Version 12.00
# Visual Studio 15
VisualStudioVersion = 15.0.27703.2042
MinimumVisualStudioVersion = 10.0.40219.1
Project("{FAE04EC0-301F-11D3-BF4B-00C04F79EFBC}") = "RDB.DomainModels", "RDB.DomainModels\RDB.DomainModels.csproj", "{C923FD08-EDEB-477D-8E39-E130798E519E}"
EndProject
Global
	GlobalSection(SolutionConfigurationPlatforms) = preSolution
		Debug|Any CPU = Debug|Any CPU
		Release|Any CPU = Release|Any CPU
	EndGlobalSection
	GlobalSection(ProjectConfigurationPlatforms) = postSolution
		{C923FD08-EDEB-477D-8E39-E130798E519E}.Debug|Any CPU.ActiveCfg = Debug|Any CPU
		{C923FD08-EDEB-477D-8E39-E130798E519E}.Debug|Any CPU.Build.0 = Debug|Any CPU
		{C923FD08-EDEB-477D-8E39-E130798E519E}.Release|Any CPU.ActiveCfg = Release|Any CPU
		{C923FD08-EDEB-477D-8E39-E130798E519E}.Release|Any CPU.Build.0 = Release|Any CPU
	EndGlobalSection
	GlobalSection(SolutionProperties) = preSolution
		HideSolutionNode = FALSE
	EndGlobalSection
	GlobalSection(ExtensibilityGlobals) = postSolution
		SolutionGuid = {F694DED2-B96E-4493-9C8D-E0C228DD382D}
	EndGlobalSection
EndGlobal
